github.com/profi-web-de/profi-web v0.1.0 h1:bF4l5s/J1W0mqcVz9eXQhAZt22njbbfK97zu6iwfXU8=
github.com/profi-web-de/profi-web v0.1.0/go.mod h1:ORlqof3yHwDPPLveTYGGI0lrBFzvP4cKToDJYfj/4aY=
github.com/profi-web-de/profi-web v0.1.2 h1:YpJs1Cq//oG+b6K/PQVQxiMpwx7a8nuj5R5NolwvTKU=
github.com/profi-web-de/profi-web v0.1.2/go.mod h1:ORlqof3yHwDPPLveTYGGI0lrBFzvP4cKToDJYfj/4aY=
github.com/profi-web-de/profi-web v0.1.3 h1:P1RRoUsysQ6pUKugsaCp8oBwhIs62/Rduvtsz9d2Mbk=
github.com/profi-web-de/profi-web v0.1.3/go.mod h1:ORlqof3yHwDPPLveTYGGI0lrBFzvP4cKToDJYfj/4aY=
